
Microsoft Visual Studio Solution File, Format Version 12.00
# Visual Studio Version 17
VisualStudioVersion = 17.4.33110.190
MinimumVisualStudioVersion = 10.0.40219.1
Project("{FAE04EC0-301F-11D3-BF4B-00C04F79EFBC}") = "ConsoleApp_Exercise13.6.2_SkillFactory_Csh-dev", "ConsoleApp_Exercise13.6.2_SkillFactory_Csh-dev\ConsoleApp_Exercise13.6.2_SkillFactory_Csh-dev.csproj", "{F85CD0F4-B866-4282-8DDA-C25CC7294F3F}"
EndProject
Global
	GlobalSection(SolutionConfigurationPlatforms) = preSolution
		Debug|Any CPU = Debug|Any CPU
		Release|Any CPU = Release|Any CPU
	EndGlobalSection
	GlobalSection(ProjectConfigurationPlatforms) = postSolution
		{F85CD0F4-B866-4282-8DDA-C25CC7294F3F}.Debug|Any CPU.ActiveCfg = Debug|Any CPU
		{F85CD0F4-B866-4282-8DDA-C25CC7294F3F}.Debug|Any CPU.Build.0 = Debug|Any CPU
		{F85CD0F4-B866-4282-8DDA-C25CC7294F3F}.Release|Any CPU.ActiveCfg = Release|Any CPU
		{F85CD0F4-B866-4282-8DDA-C25CC7294F3F}.Release|Any CPU.Build.0 = Release|Any CPU
	EndGlobalSection
	GlobalSection(SolutionProperties) = preSolution
		HideSolutionNode = FALSE
	EndGlobalSection
	GlobalSection(ExtensibilityGlobals) = postSolution
		SolutionGuid = {853B7707-7CF2-4A46-8BB3-86A79D5EC6BE}
	EndGlobalSection
EndGlobal
